
Microsoft Visual Studio Solution File, Format Version 12.00
# Visual Studio Version 17
VisualStudioVersion = 17.0.31903.59
MinimumVisualStudioVersion = 10.0.40219.1
Project("{2150E333-8FDC-42A3-9474-1A3956D46DE8}") = "src", "src", "{827E0CD3-B72D-47B6-A68D-7590B98EB39B}"
EndProject
Project("{FAE04EC0-301F-11D3-BF4B-00C04F79EFBC}") = "TsmServer.App", "src\TsmServer.App\TsmServer.App.csproj", "{56E76A4A-D968-4B41-A733-08291745A606}"
EndProject
Project("{FAE04EC0-301F-11D3-BF4B-00C04F79EFBC}") = "TsmServer.CdnServer", "src\TsmServer.CdnServer\TsmServer.CdnServer.csproj", "{AF08A5DE-381F-49BD-88F7-304BC3472A96}"
EndProject
Project("{FAE04EC0-301F-11D3-BF4B-00C04F79EFBC}") = "TsmServer.Data", "src\TsmServer.Data\TsmServer.Data.csproj", "{101933ED-DFC0-4535-A102-C5B43FA8B9C8}"
EndProject
Project("{FAE04EC0-301F-11D3-BF4B-00C04F79EFBC}") = "TsmServer.Domain", "src\TsmServer.Domain\TsmServer.Domain.csproj", "{7D55F861-BC3B-4CDD-9156-C9D49F98C05F}"
EndProject
Project("{FAE04EC0-301F-11D3-BF4B-00C04F79EFBC}") = "TsmServer.GameLogic", "src\TsmServer.GameLogic\TsmServer.GameLogic.csproj", "{E9AA69FF-D319-4FB0-A11D-72243F9812BF}"
EndProject
Project("{FAE04EC0-301F-11D3-BF4B-00C04F79EFBC}") = "TsmServer.Network", "src\TsmServer.Network\TsmServer.Network.csproj", "{7D20A17A-81F4-4CEE-8350-77ECC4F5A0BC}"
EndProject
Project("{FAE04EC0-301F-11D3-BF4B-00C04F79EFBC}") = "TsmServer.Persistence", "src\TsmServer.Persistence\TsmServer.Persistence.csproj", "{C5340B44-ADD1-4C59-B642-162A66F0EC36}"
EndProject
Project("{FAE04EC0-301F-11D3-BF4B-00C04F79EFBC}") = "TsmServer.Protocol", "src\TsmServer.Protocol\TsmServer.Protocol.csproj", "{2EA970FB-6275-488A-9DF5-6C4627355354}"
EndProject
Project("{FAE04EC0-301F-11D3-BF4B-00C04F79EFBC}") = "TsmServer.Tests", "tests\TsmServer.Tests\TsmServer.Tests.csproj", "{2EE34C7D-0926-490E-950E-503B7B10314B}"
EndProject
Project("{FAE04EC0-301F-11D3-BF4B-00C04F79EFBC}") = "TsmServer.UI", "src\TsmServer.UI\TsmServer.UI.csproj", "{EC63C480-8871-4239-BEB0-32B46F0D2BDE}"
EndProject
Global
	GlobalSection(SolutionConfigurationPlatforms) = preSolution
		Debug|Any CPU = Debug|Any CPU
		Debug|x64 = Debug|x64
		Debug|x86 = Debug|x86
		Release|Any CPU = Release|Any CPU
		Release|x64 = Release|x64
		Release|x86 = Release|x86
	EndGlobalSection
	GlobalSection(ProjectConfigurationPlatforms) = postSolution
		{56E76A4A-D968-4B41-A733-08291745A606}.Debug|Any CPU.ActiveCfg = Debug|Any CPU
		{56E76A4A-D968-4B41-A733-08291745A606}.Debug|Any CPU.Build.0 = Debug|Any CPU
		{56E76A4A-D968-4B41-A733-08291745A606}.Debug|x64.ActiveCfg = Debug|Any CPU
		{56E76A4A-D968-4B41-A733-08291745A606}.Debug|x64.Build.0 = Debug|Any CPU
		{56E76A4A-D968-4B41-A733-08291745A606}.Debug|x86.ActiveCfg = Debug|Any CPU
		{56E76A4A-D968-4B41-A733-08291745A606}.Debug|x86.Build.0 = Debug|Any CPU
		{56E76A4A-D968-4B41-A733-08291745A606}.Release|Any CPU.ActiveCfg = Release|Any CPU
		{56E76A4A-D968-4B41-A733-08291745A606}.Release|Any CPU.Build.0 = Release|Any CPU
		{56E76A4A-D968-4B41-A733-08291745A606}.Release|x64.ActiveCfg = Release|Any CPU
		{56E76A4A-D968-4B41-A733-08291745A606}.Release|x64.Build.0 = Release|Any CPU
		{56E76A4A-D968-4B41-A733-08291745A606}.Release|x86.ActiveCfg = Release|Any CPU
		{56E76A4A-D968-4B41-A733-08291745A606}.Release|x86.Build.0 = Release|Any CPU
		{AF08A5DE-381F-49BD-88F7-304BC3472A96}.Debug|Any CPU.ActiveCfg = Debug|Any CPU
		{AF08A5DE-381F-49BD-88F7-304BC3472A96}.Debug|Any CPU.Build.0 = Debug|Any CPU
		{AF08A5DE-381F-49BD-88F7-304BC3472A96}.Debug|x64.ActiveCfg = Debug|Any CPU
		{AF08A5DE-381F-49BD-88F7-304BC3472A96}.Debug|x64.Build.0 = Debug|Any CPU
		{AF08A5DE-381F-49BD-88F7-304BC3472A96}.Debug|x86.ActiveCfg = Debug|Any CPU
		{AF08A5DE-381F-49BD-88F7-304BC3472A96}.Debug|x86.Build.0 = Debug|Any CPU
		{AF08A5DE-381F-49BD-88F7-304BC3472A96}.Release|Any CPU.ActiveCfg = Release|Any CPU
		{AF08A5DE-381F-49BD-88F7-304BC3472A96}.Release|Any CPU.Build.0 = Release|Any CPU
		{AF08A5DE-381F-49BD-88F7-304BC3472A96}.Release|x64.ActiveCfg = Release|Any CPU
		{AF08A5DE-381F-49BD-88F7-304BC3472A96}.Release|x64.Build.0 = Release|Any CPU
		{AF08A5DE-381F-49BD-88F7-304BC3472A96}.Release|x86.ActiveCfg = Release|Any CPU
		{AF08A5DE-381F-49BD-88F7-304BC3472A96}.Release|x86.Build.0 = Release|Any CPU
		{101933ED-DFC0-4535-A102-C5B43FA8B9C8}.Debug|Any CPU.ActiveCfg = Debug|Any CPU
		{101933ED-DFC0-4535-A102-C5B43FA8B9C8}.Debug|Any CPU.Build.0 = Debug|Any CPU
		{101933ED-DFC0-4535-A102-C5B43FA8B9C8}.Debug|x64.ActiveCfg = Debug|Any CPU
		{101933ED-DFC0-4535-A102-C5B43FA8B9C8}.Debug|x64.Build.0 = Debug|Any CPU
		{101933ED-DFC0-4535-A102-C5B43FA8B9C8}.Debug|x86.ActiveCfg = Debug|Any CPU
		{101933ED-DFC0-4535-A102-C5B43FA8B9C8}.Debug|x86.Build.0 = Debug|Any CPU
		{101933ED-DFC0-4535-A102-C5B43FA8B9C8}.Release|Any CPU.ActiveCfg = Release|Any CPU
		{101933ED-DFC0-4535-A102-C5B43FA8B9C8}.Release|Any CPU.Build.0 = Release|Any CPU
		{101933ED-DFC0-4535-A102-C5B43FA8B9C8}.Release|x64.ActiveCfg = Release|Any CPU
		{101933ED-DFC0-4535-A102-C5B43FA8B9C8}.Release|x64.Build.0 = Release|Any CPU
		{101933ED-DFC0-4535-A102-C5B43FA8B9C8}.Release|x86.ActiveCfg = Release|Any CPU
		{101933ED-DFC0-4535-A102-C5B43FA8B9C8}.Release|x86.Build.0 = Release|Any CPU
		{7D55F861-BC3B-4CDD-9156-C9D49F98C05F}.Debug|Any CPU.ActiveCfg = Debug|Any CPU
		{7D55F861-BC3B-4CDD-9156-C9D49F98C05F}.Debug|Any CPU.Build.0 = Debug|Any CPU
		{7D55F861-BC3B-4CDD-9156-C9D49F98C05F}.Debug|x64.ActiveCfg = Debug|Any CPU
		{7D55F861-BC3B-4CDD-9156-C9D49F98C05F}.Debug|x64.Build.0 = Debug|Any CPU
		{7D55F861-BC3B-4CDD-9156-C9D49F98C05F}.Debug|x86.ActiveCfg = Debug|Any CPU
		{7D55F861-BC3B-4CDD-9156-C9D49F98C05F}.Debug|x86.Build.0 = Debug|Any CPU
		{7D55F861-BC3B-4CDD-9156-C9D49F98C05F}.Release|Any CPU.ActiveCfg = Release|Any CPU
		{7D55F861-BC3B-4CDD-9156-C9D49F98C05F}.Release|Any CPU.Build.0 = Release|Any CPU
		{7D55F861-BC3B-4CDD-9156-C9D49F98C05F}.Release|x64.ActiveCfg = Release|Any CPU
		{7D55F861-BC3B-4CDD-9156-C9D49F98C05F}.Release|x64.Build.0 = Release|Any CPU
		{7D55F861-BC3B-4CDD-9156-C9D49F98C05F}.Release|x86.ActiveCfg = Release|Any CPU
		{7D55F861-BC3B-4CDD-9156-C9D49F98C05F}.Release|x86.Build.0 = Release|Any CPU
		{E9AA69FF-D319-4FB0-A11D-72243F9812BF}.Debug|Any CPU.ActiveCfg = Debug|Any CPU
		{E9AA69FF-D319-4FB0-A11D-72243F9812BF}.Debug|Any CPU.Build.0 = Debug|Any CPU
		{E9AA69FF-D319-4FB0-A11D-72243F9812BF}.Debug|x64.ActiveCfg = Debug|Any CPU
		{E9AA69FF-D319-4FB0-A11D-72243F9812BF}.Debug|x64.Build.0 = Debug|Any CPU
		{E9AA69FF-D319-4FB0-A11D-72243F9812BF}.Debug|x86.ActiveCfg = Debug|Any CPU
		{E9AA69FF-D319-4FB0-A11D-72243F9812BF}.Debug|x86.Build.0 = Debug|Any CPU
		{E9AA69FF-D319-4FB0-A11D-72243F9812BF}.Release|Any CPU.ActiveCfg = Release|Any CPU
		{E9AA69FF-D319-4FB0-A11D-72243F9812BF}.Release|Any CPU.Build.0 = Release|Any CPU
		{E9AA69FF-D319-4FB0-A11D-72243F9812BF}.Release|x64.ActiveCfg = Release|Any CPU
		{E9AA69FF-D319-4FB0-A11D-72243F9812BF}.Release|x64.Build.0 = Release|Any CPU
		{E9AA69FF-D319-4FB0-A11D-72243F9812BF}.Release|x86.ActiveCfg = Release|Any CPU
		{E9AA69FF-D319-4FB0-A11D-72243F9812BF}.Release|x86.Build.0 = Release|Any CPU
		{7D20A17A-81F4-4CEE-8350-77ECC4F5A0BC}.Debug|Any CPU.ActiveCfg = Debug|Any CPU
		{7D20A17A-81F4-4CEE-8350-77ECC4F5A0BC}.Debug|Any CPU.Build.0 = Debug|Any CPU
		{7D20A17A-81F4-4CEE-8350-77ECC4F5A0BC}.Debug|x64.ActiveCfg = Debug|Any CPU
		{7D20A17A-81F4-4CEE-8350-77ECC4F5A0BC}.Debug|x64.Build.0 = Debug|Any CPU
		{7D20A17A-81F4-4CEE-8350-77ECC4F5A0BC}.Debug|x86.ActiveCfg = Debug|Any CPU
		{7D20A17A-81F4-4CEE-8350-77ECC4F5A0BC}.Debug|x86.Build.0 = Debug|Any CPU
		{7D20A17A-81F4-4CEE-8350-77ECC4F5A0BC}.Release|Any CPU.ActiveCfg = Release|Any CPU
		{7D20A17A-81F4-4CEE-8350-77ECC4F5A0BC}.Release|Any CPU.Build.0 = Release|Any CPU
		{7D20A17A-81F4-4CEE-8350-77ECC4F5A0BC}.Release|x64.ActiveCfg = Release|Any CPU
		{7D20A17A-81F4-4CEE-8350-77ECC4F5A0BC}.Release|x64.Build.0 = Release|Any CPU
		{7D20A17A-81F4-4CEE-8350-77ECC4F5A0BC}.Release|x86.ActiveCfg = Release|Any CPU
		{7D20A17A-81F4-4CEE-8350-77ECC4F5A0BC}.Release|x86.Build.0 = Release|Any CPU
		{C5340B44-ADD1-4C59-B642-162A66F0EC36}.Debug|Any CPU.ActiveCfg = Debug|Any CPU
		{C5340B44-ADD1-4C59-B642-162A66F0EC36}.Debug|Any CPU.Build.0 = Debug|Any CPU
		{C5340B44-ADD1-4C59-B642-162A66F0EC36}.Debug|x64.ActiveCfg = Debug|Any CPU
		{C5340B44-ADD1-4C59-B642-162A66F0EC36}.Debug|x64.Build.0 = Debug|Any CPU
		{C5340B44-ADD1-4C59-B642-162A66F0EC36}.Debug|x86.ActiveCfg = Debug|Any CPU
		{C5340B44-ADD1-4C59-B642-162A66F0EC36}.Debug|x86.Build.0 = Debug|Any CPU
		{C5340B44-ADD1-4C59-B642-162A66F0EC36}.Release|Any CPU.ActiveCfg = Release|Any CPU
		{C5340B44-ADD1-4C59-B642-162A66F0EC36}.Release|Any CPU.Build.0 = Release|Any CPU
		{C5340B44-ADD1-4C59-B642-162A66F0EC36}.Release|x64.ActiveCfg = Release|Any CPU
		{C5340B44-ADD1-4C59-B642-162A66F0EC36}.Release|x64.Build.0 = Release|Any CPU
		{C5340B44-ADD1-4C59-B642-162A66F0EC36}.Release|x86.ActiveCfg = Release|Any CPU
		{C5340B44-ADD1-4C59-B642-162A66F0EC36}.Release|x86.Build.0 = Release|Any CPU
		{2EA970FB-6275-488A-9DF5-6C4627355354}.Debug|Any CPU.ActiveCfg = Debug|Any CPU
		{2EA970FB-6275-488A-9DF5-6C4627355354}.Debug|Any CPU.Build.0 = Debug|Any CPU
		{2EA970FB-6275-488A-9DF5-6C4627355354}.Debug|x64.ActiveCfg = Debug|Any CPU
		{2EA970FB-6275-488A-9DF5-6C4627355354}.Debug|x64.Build.0 = Debug|Any CPU
		{2EA970FB-6275-488A-9DF5-6C4627355354}.Debug|x86.ActiveCfg = Debug|Any CPU
		{2EA970FB-6275-488A-9DF5-6C4627355354}.Debug|x86.Build.0 = Debug|Any CPU
		{2EA970FB-6275-488A-9DF5-6C4627355354}.Release|Any CPU.ActiveCfg = Release|Any CPU
		{2EA970FB-6275-488A-9DF5-6C4627355354}.Release|Any CPU.Build.0 = Release|Any CPU
		{2EA970FB-6275-488A-9DF5-6C4627355354}.Release|x64.ActiveCfg = Release|Any CPU
		{2EA970FB-6275-488A-9DF5-6C4627355354}.Release|x64.Build.0 = Release|Any CPU
		{2EA970FB-6275-488A-9DF5-6C4627355354}.Release|x86.ActiveCfg = Release|Any CPU
		{2EA970FB-6275-488A-9DF5-6C4627355354}.Release|x86.Build.0 = Release|Any CPU
		{2EE34C7D-0926-490E-950E-503B7B10314B}.Debug|Any CPU.ActiveCfg = Debug|Any CPU
		{2EE34C7D-0926-490E-950E-503B7B10314B}.Debug|Any CPU.Build.0 = Debug|Any CPU
		{2EE34C7D-0926-490E-950E-503B7B10314B}.Debug|x64.ActiveCfg = Debug|Any CPU
		{2EE34C7D-0926-490E-950E-503B7B10314B}.Debug|x64.Build.0 = Debug|Any CPU
		{2EE34C7D-0926-490E-950E-503B7B10314B}.Debug|x86.ActiveCfg = Debug|Any CPU
		{2EE34C7D-0926-490E-950E-503B7B10314B}.Debug|x86.Build.0 = Debug|Any CPU
		{2EE34C7D-0926-490E-950E-503B7B10314B}.Release|Any CPU.ActiveCfg = Release|Any CPU
		{2EE34C7D-0926-490E-950E-503B7B10314B}.Release|Any CPU.Build.0 = Release|Any CPU
		{2EE34C7D-0926-490E-950E-503B7B10314B}.Release|x64.ActiveCfg = Release|Any CPU
		{2EE34C7D-0926-490E-950E-503B7B10314B}.Release|x64.Build.0 = Release|Any CPU
		{2EE34C7D-0926-490E-950E-503B7B10314B}.Release|x86.ActiveCfg = Release|Any CPU
		{2EE34C7D-0926-490E-950E-503B7B10314B}.Release|x86.Build.0 = Release|Any CPU
		{EC63C480-8871-4239-BEB0-32B46F0D2BDE}.Debug|Any CPU.ActiveCfg = Debug|Any CPU
		{EC63C480-8871-4239-BEB0-32B46F0D2BDE}.Debug|Any CPU.Build.0 = Debug|Any CPU
		{EC63C480-8871-4239-BEB0-32B46F0D2BDE}.Debug|x64.ActiveCfg = Debug|Any CPU
		{EC63C480-8871-4239-BEB0-32B46F0D2BDE}.Debug|x64.Build.0 = Debug|Any CPU
		{EC63C480-8871-4239-BEB0-32B46F0D2BDE}.Debug|x86.ActiveCfg = Debug|Any CPU
		{EC63C480-8871-4239-BEB0-32B46F0D2BDE}.Debug|x86.Build.0 = Debug|Any CPU
		{EC63C480-8871-4239-BEB0-32B46F0D2BDE}.Release|Any CPU.ActiveCfg = Release|Any CPU
		{EC63C480-8871-4239-BEB0-32B46F0D2BDE}.Release|Any CPU.Build.0 = Release|Any CPU
		{EC63C480-8871-4239-BEB0-32B46F0D2BDE}.Release|x64.ActiveCfg = Release|Any CPU
		{EC63C480-8871-4239-BEB0-32B46F0D2BDE}.Release|x64.Build.0 = Release|Any CPU
		{EC63C480-8871-4239-BEB0-32B46F0D2BDE}.Release|x86.ActiveCfg = Release|Any CPU
		{EC63C480-8871-4239-BEB0-32B46F0D2BDE}.Release|x86.Build.0 = Release|Any CPU
	EndGlobalSection
	GlobalSection(SolutionProperties) = preSolution
		HideSolutionNode = FALSE
	EndGlobalSection
	GlobalSection(NestedProjects) = preSolution
		{56E76A4A-D968-4B41-A733-08291745A606} = {827E0CD3-B72D-47B6-A68D-7590B98EB39B}
		{AF08A5DE-381F-49BD-88F7-304BC3472A96} = {827E0CD3-B72D-47B6-A68D-7590B98EB39B}
		{101933ED-DFC0-4535-A102-C5B43FA8B9C8} = {827E0CD3-B72D-47B6-A68D-7590B98EB39B}
		{7D55F861-BC3B-4CDD-9156-C9D49F98C05F} = {827E0CD3-B72D-47B6-A68D-7590B98EB39B}
		{E9AA69FF-D319-4FB0-A11D-72243F9812BF} = {827E0CD3-B72D-47B6-A68D-7590B98EB39B}
		{7D20A17A-81F4-4CEE-8350-77ECC4F5A0BC} = {827E0CD3-B72D-47B6-A68D-7590B98EB39B}
		{C5340B44-ADD1-4C59-B642-162A66F0EC36} = {827E0CD3-B72D-47B6-A68D-7590B98EB39B}
		{2EA970FB-6275-488A-9DF5-6C4627355354} = {827E0CD3-B72D-47B6-A68D-7590B98EB39B}
		{2EE34C7D-0926-490E-950E-503B7B10314B} = {827E0CD3-B72D-47B6-A68D-7590B98EB39B}
		{EC63C480-8871-4239-BEB0-32B46F0D2BDE} = {827E0CD3-B72D-47B6-A68D-7590B98EB39B}
	EndGlobalSection
EndGlobal
